
Microsoft Visual Studio Solution File, Format Version 12.00
# Visual Studio Version 17
VisualStudioVersion = 17.14.37012.4 d17.14
MinimumVisualStudioVersion = 10.0.40219.1
Project("{FAE04EC0-301F-11D3-BF4B-00C04F79EFBC}") = "restAPI", "restAPI.csproj", "{BDE2302A-9984-4827-9726-AAB38A956D9F}"
EndProject
Global
	GlobalSection(SolutionConfigurationPlatforms) = preSolution
		Debug|Any CPU = Debug|Any CPU
		Release|Any CPU = Release|Any CPU
	EndGlobalSection
	GlobalSection(ProjectConfigurationPlatforms) = postSolution
		{BDE2302A-9984-4827-9726-AAB38A956D9F}.Debug|Any CPU.ActiveCfg = Debug|Any CPU
		{BDE2302A-9984-4827-9726-AAB38A956D9F}.Debug|Any CPU.Build.0 = Debug|Any CPU
		{BDE2302A-9984-4827-9726-AAB38A956D9F}.Release|Any CPU.ActiveCfg = Release|Any CPU
		{BDE2302A-9984-4827-9726-AAB38A956D9F}.Release|Any CPU.Build.0 = Release|Any CPU
	EndGlobalSection
	GlobalSection(SolutionProperties) = preSolution
		HideSolutionNode = FALSE
	EndGlobalSection
	GlobalSection(ExtensibilityGlobals) = postSolution
		SolutionGuid = {3A6E8FDF-420A-4A17-B598-8EDFDCFDF7BE}
	EndGlobalSection
EndGlobal
